// !$*UTF8*$!
{
	archiveVersion = 1;
	classes = {
	};
	objectVersion = 48;
	objects = {

/* Begin PBXBuildFile section */
		4C30F3E520839E020011BCCD /* LibraryTableViewCell.swift in Sources */ = {isa = PBXBuildFile; fileRef = 4C30F3E420839E020011BCCD /* LibraryTableViewCell.swift */; };
		4C34FDDC2072C801001A3E01 /* ForYouVC.swift in Sources */ = {isa = PBXBuildFile; fileRef = 4C34FDDB2072C801001A3E01 /* ForYouVC.swift */; };
		4C34FDDE2072C818001A3E01 /* PlaylistsVC.swift in Sources */ = {isa = PBXBuildFile; fileRef = 4C34FDDD2072C818001A3E01 /* PlaylistsVC.swift */; };
		4C34FDE22072C836001A3E01 /* SearchVC.swift in Sources */ = {isa = PBXBuildFile; fileRef = 4C34FDE12072C836001A3E01 /* SearchVC.swift */; };
		4C3670E12083783E007AC15C /* ArtistsVC.swift in Sources */ = {isa = PBXBuildFile; fileRef = 4C3670E02083783E007AC15C /* ArtistsVC.swift */; };
		4C3670E42083786A007AC15C /* AlbumsVC.swift in Sources */ = {isa = PBXBuildFile; fileRef = 4C3670E32083786A007AC15C /* AlbumsVC.swift */; };
		4C3670E62083787C007AC15C /* SongsVC.swift in Sources */ = {isa = PBXBuildFile; fileRef = 4C3670E52083787C007AC15C /* SongsVC.swift */; };
		4C45A49920CADFB600297409 /* Main.storyboard in Resources */ = {isa = PBXBuildFile; fileRef = 4C519E1320665A7500ADF48F /* Main.storyboard */; };
		4C509BE82083AAA4009094DC /* LibraryViewController.swift in Sources */ = {isa = PBXBuildFile; fileRef = 4C509BE72083AAA4009094DC /* LibraryViewController.swift */; };
		4C519E1020665A7400ADF48F /* AppDelegate.swift in Sources */ = {isa = PBXBuildFile; fileRef = 4C519E0F20665A7400ADF48F /* AppDelegate.swift */; };
		4C519E1720665A7500ADF48F /* Assets.xcassets in Resources */ = {isa = PBXBuildFile; fileRef = 4C519E1620665A7500ADF48F /* Assets.xcassets */; };
		4C519E1A20665A7500ADF48F /* LaunchScreen.storyboard in Resources */ = {isa = PBXBuildFile; fileRef = 4C519E1820665A7500ADF48F /* LaunchScreen.storyboard */; };
		4C519E2220665FE800ADF48F /* Scrubber.swift in Sources */ = {isa = PBXBuildFile; fileRef = 4C519E2120665FE800ADF48F /* Scrubber.swift */; };
		4CA982F12091C1B900BACE5D /* PlayerVC.swift in Sources */ = {isa = PBXBuildFile; fileRef = 4CA982F02091C1B900BACE5D /* PlayerVC.swift */; };
		4CA982F320920F0B00BACE5D /* MusicPlayer.swift in Sources */ = {isa = PBXBuildFile; fileRef = 4CA982F220920F0B00BACE5D /* MusicPlayer.swift */; };
/* End PBXBuildFile section */

/* Begin PBXFileReference section */
		4C30F3E420839E020011BCCD /* LibraryTableViewCell.swift */ = {isa = PBXFileReference; lastKnownFileType = sourcecode.swift; path = LibraryTableViewCell.swift; sourceTree = "<group>"; };
		4C34FDDB2072C801001A3E01 /* ForYouVC.swift */ = {isa = PBXFileReference; lastKnownFileType = sourcecode.swift; path = ForYouVC.swift; sourceTree = "<group>"; };
		4C34FDDD2072C818001A3E01 /* PlaylistsVC.swift */ = {isa = PBXFileReference; lastKnownFileType = sourcecode.swift; path = PlaylistsVC.swift; sourceTree = "<group>"; };
		4C34FDE12072C836001A3E01 /* SearchVC.swift */ = {isa = PBXFileReference; lastKnownFileType = sourcecode.swift; path = SearchVC.swift; sourceTree = "<group>"; };
		4C3670E02083783E007AC15C /* ArtistsVC.swift */ = {isa = PBXFileReference; lastKnownFileType = sourcecode.swift; path = ArtistsVC.swift; sourceTree = "<group>"; };
		4C3670E32083786A007AC15C /* AlbumsVC.swift */ = {isa = PBXFileReference; lastKnownFileType = sourcecode.swift; path = AlbumsVC.swift; sourceTree = "<group>"; };
		4C3670E52083787C007AC15C /* SongsVC.swift */ = {isa = PBXFileReference; lastKnownFileType = sourcecode.swift; path = SongsVC.swift; sourceTree = "<group>"; };
		4C509BE72083AAA4009094DC /* LibraryViewController.swift */ = {isa = PBXFileReference; lastKnownFileType = sourcecode.swift; path = LibraryViewController.swift; sourceTree = "<group>"; };
		4C519E0C20665A7400ADF48F /* Music.app */ = {isa = PBXFileReference; explicitFileType = wrapper.application; includeInIndex = 0; path = Music.app; sourceTree = BUILT_PRODUCTS_DIR; };
		4C519E0F20665A7400ADF48F /* AppDelegate.swift */ = {isa = PBXFileReference; lastKnownFileType = sourcecode.swift; path = AppDelegate.swift; sourceTree = "<group>"; };
		4C519E1420665A7500ADF48F /* Base */ = {isa = PBXFileReference; lastKnownFileType = file.storyboard; name = Base; path = Base.lproj/Main.storyboard; sourceTree = "<group>"; };
		4C519E1620665A7500ADF48F /* Assets.xcassets */ = {isa = PBXFileReference; lastKnownFileType = folder.assetcatalog; path = Assets.xcassets; sourceTree = "<group>"; };
		4C519E1920665A7500ADF48F /* Base */ = {isa = PBXFileReference; lastKnownFileType = file.storyboard; name = Base; path = Base.lproj/LaunchScreen.storyboard; sourceTree = "<group>"; };
		4C519E1B20665A7500ADF48F /* Info.plist */ = {isa = PBXFileReference; lastKnownFileType = text.plist.xml; path = Info.plist; sourceTree = "<group>"; };
		4C519E2120665FE800ADF48F /* Scrubber.swift */ = {isa = PBXFileReference; lastKnownFileType = sourcecode.swift; path = Scrubber.swift; sourceTree = "<group>"; };
		4CA982F02091C1B900BACE5D /* PlayerVC.swift */ = {isa = PBXFileReference; lastKnownFileType = sourcecode.swift; path = PlayerVC.swift; sourceTree = "<group>"; };
		4CA982F220920F0B00BACE5D /* MusicPlayer.swift */ = {isa = PBXFileReference; lastKnownFileType = sourcecode.swift; path = MusicPlayer.swift; sourceTree = "<group>"; };
/* End PBXFileReference section */

/* Begin PBXFrameworksBuildPhase section */
		4C519E0920665A7400ADF48F /* Frameworks */ = {
			isa = PBXFrameworksBuildPhase;
			buildActionMask = 2147483647;
			files = (
			);
			runOnlyForDeploymentPostprocessing = 0;
		};
/* End PBXFrameworksBuildPhase section */

/* Begin PBXGroup section */
		4C3670E220837854007AC15C /* Library */ = {
			isa = PBXGroup;
			children = (
				4C509BE72083AAA4009094DC /* LibraryViewController.swift */,
				4C30F3E420839E020011BCCD /* LibraryTableViewCell.swift */,
				4C3670E02083783E007AC15C /* ArtistsVC.swift */,
				4C3670E32083786A007AC15C /* AlbumsVC.swift */,
				4C3670E52083787C007AC15C /* SongsVC.swift */,
			);
			path = Library;
			sourceTree = "<group>";
		};
		4C519E0320665A7400ADF48F = {
			isa = PBXGroup;
			children = (
				4C519E0E20665A7400ADF48F /* Music */,
				4C519E0D20665A7400ADF48F /* Products */,
			);
			sourceTree = "<group>";
		};
		4C519E0D20665A7400ADF48F /* Products */ = {
			isa = PBXGroup;
			children = (
				4C519E0C20665A7400ADF48F /* Music.app */,
			);
			name = Products;
			sourceTree = "<group>";
		};
		4C519E0E20665A7400ADF48F /* Music */ = {
			isa = PBXGroup;
			children = (
				4C519E2320666B0D00ADF48F /* Supporting Files */,
				4CA982F02091C1B900BACE5D /* PlayerVC.swift */,
				4CA982F220920F0B00BACE5D /* MusicPlayer.swift */,
				4C34FDDB2072C801001A3E01 /* ForYouVC.swift */,
				4C34FDDD2072C818001A3E01 /* PlaylistsVC.swift */,
				4C3670E220837854007AC15C /* Library */,
				4C34FDE12072C836001A3E01 /* SearchVC.swift */,
				4C519E2120665FE800ADF48F /* Scrubber.swift */,
				4C519E1320665A7500ADF48F /* Main.storyboard */,
				4C519E1620665A7500ADF48F /* Assets.xcassets */,
				4C519E1B20665A7500ADF48F /* Info.plist */,
			);
			path = Music;
			sourceTree = "<group>";
		};
		4C519E2320666B0D00ADF48F /* Supporting Files */ = {
			isa = PBXGroup;
			children = (
				4C519E0F20665A7400ADF48F /* AppDelegate.swift */,
				4C519E1820665A7500ADF48F /* LaunchScreen.storyboard */,
			);
			path = "Supporting Files";
			sourceTree = "<group>";
		};
/* End PBXGroup section */

/* Begin PBXNativeTarget section */
		4C519E0B20665A7400ADF48F /* Music */ = {
			isa = PBXNativeTarget;
			buildConfigurationList = 4C519E1E20665A7500ADF48F /* Build configuration list for PBXNativeTarget "Music" */;
			buildPhases = (
				4C519E0820665A7400ADF48F /* Sources */,
				4C519E0920665A7400ADF48F /* Frameworks */,
				4C519E0A20665A7400ADF48F /* Resources */,
			);
			buildRules = (
			);
			dependencies = (
			);
			name = Music;
			productName = Music;
			productReference = 4C519E0C20665A7400ADF48F /* Music.app */;
			productType = "com.apple.product-type.application";
		};
/* End PBXNativeTarget section */

/* Begin PBXProject section */
		4C519E0420665A7400ADF48F /* Project object */ = {
			isa = PBXProject;
			attributes = {
				LastSwiftUpdateCheck = 0920;
				LastUpgradeCheck = 0940;
				ORGANIZATIONNAME = NoobLabs;
				TargetAttributes = {
					4C519E0B20665A7400ADF48F = {
						CreatedOnToolsVersion = 9.2;
						ProvisioningStyle = Automatic;
					};
				};
			};
			buildConfigurationList = 4C519E0720665A7400ADF48F /* Build configuration list for PBXProject "Music" */;
			compatibilityVersion = "Xcode 8.0";
			developmentRegion = en;
			hasScannedForEncodings = 0;
			knownRegions = (
				en,
				Base,
			);
			mainGroup = 4C519E0320665A7400ADF48F;
			productRefGroup = 4C519E0D20665A7400ADF48F /* Products */;
			projectDirPath = "";
			projectRoot = "";
			targets = (
				4C519E0B20665A7400ADF48F /* Music */,
			);
		};
/* End PBXProject section */

/* Begin PBXResourcesBuildPhase section */
		4C519E0A20665A7400ADF48F /* Resources */ = {
			isa = PBXResourcesBuildPhase;
			buildActionMask = 2147483647;
			files = (
				4C45A49920CADFB600297409 /* Main.storyboard in Resources */,
				4C519E1A20665A7500ADF48F /* LaunchScreen.storyboard in Resources */,
				4C519E1720665A7500ADF48F /* Assets.xcassets in Resources */,
			);
			runOnlyForDeploymentPostprocessing = 0;
		};
/* End PBXResourcesBuildPhase section */

/* Begin PBXSourcesBuildPhase section */
		4C519E0820665A7400ADF48F /* Sources */ = {
			isa = PBXSourcesBuildPhase;
			buildActionMask = 2147483647;
			files = (
				4C3670E12083783E007AC15C /* ArtistsVC.swift in Sources */,
				4C519E1020665A7400ADF48F /* AppDelegate.swift in Sources */,
				4CA982F12091C1B900BACE5D /* PlayerVC.swift in Sources */,
				4CA982F320920F0B00BACE5D /* MusicPlayer.swift in Sources */,
				4C34FDDC2072C801001A3E01 /* ForYouVC.swift in Sources */,
				4C34FDDE2072C818001A3E01 /* PlaylistsVC.swift in Sources */,
				4C509BE82083AAA4009094DC /* LibraryViewController.swift in Sources */,
				4C3670E42083786A007AC15C /* AlbumsVC.swift in Sources */,
				4C30F3E520839E020011BCCD /* LibraryTableViewCell.swift in Sources */,
				4C519E2220665FE800ADF48F /* Scrubber.swift in Sources */,
				4C34FDE22072C836001A3E01 /* SearchVC.swift in Sources */,
				4C3670E62083787C007AC15C /* SongsVC.swift in Sources */,
			);
			runOnlyForDeploymentPostprocessing = 0;
		};
/* End PBXSourcesBuildPhase section */

/* Begin PBXVariantGroup section */
		4C519E1320665A7500ADF48F /* Main.storyboard */ = {
			isa = PBXVariantGroup;
			children = (
				4C519E1420665A7500ADF48F /* Base */,
			);
			name = Main.storyboard;
			sourceTree = "<group>";
		};
		4C519E1820665A7500ADF48F /* LaunchScreen.storyboard */ = {
			isa = PBXVariantGroup;
			children = (
				4C519E1920665A7500ADF48F /* Base */,
			);
			name = LaunchScreen.storyboard;
			sourceTree = "<group>";
		};
/* End PBXVariantGroup section */

/* Begin XCBuildConfiguration section */
		4C519E1C20665A7500ADF48F /* Debug */ = {
			isa = XCBuildConfiguration;
			buildSettings = {
				ALWAYS_SEARCH_USER_PATHS = NO;
				CLANG_ANALYZER_NONNULL = YES;
				CLANG_ANALYZER_NUMBER_OBJECT_CONVERSION = YES_AGGRESSIVE;
				CLANG_CXX_LANGUAGE_STANDARD = "gnu++14";
				CLANG_CXX_LIBRARY = "libc++";
				CLANG_ENABLE_MODULES = YES;
				CLANG_ENABLE_OBJC_ARC = YES;
				CLANG_WARN_BLOCK_CAPTURE_AUTORELEASING = YES;
				CLANG_WARN_BOOL_CONVERSION = YES;
				CLANG_WARN_COMMA = YES;
				CLANG_WARN_CONSTANT_CONVERSION = YES;
				CLANG_WARN_DEPRECATED_OBJC_IMPLEMENTATIONS = YES;
				CLANG_WARN_DIRECT_OBJC_ISA_USAGE = YES_ERROR;
				CLANG_WARN_DOCUMENTATION_COMMENTS = YES;
				CLANG_WARN_EMPTY_BODY = YES;
				CLANG_WARN_ENUM_CONVERSION = YES;
				CLANG_WARN_INFINITE_RECURSION = YES;
				CLANG_WARN_INT_CONVERSION = YES;
				CLANG_WARN_NON_LITERAL_NULL_CONVERSION = YES;
				CLANG_WARN_OBJC_IMPLICIT_RETAIN_SELF = YES;
				CLANG_WARN_OBJC_LITERAL_CONVERSION = YES;
				CLANG_WARN_OBJC_ROOT_CLASS = YES_ERROR;
				CLANG_WARN_RANGE_LOOP_ANALYSIS = YES;
				CLANG_WARN_STRICT_PROTOTYPES = YES;
				CLANG_WARN_SUSPICIOUS_MOVE = YES;
				CLANG_WARN_UNGUARDED_AVAILABILITY = YES_AGGRESSIVE;
				CLANG_WARN_UNREACHABLE_CODE = YES;
				CLANG_WARN__DUPLICATE_METHOD_MATCH = YES;
				CODE_SIGN_IDENTITY = "iPhone Developer";
				COPY_PHASE_STRIP = NO;
				DEBUG_INFORMATION_FORMAT = dwarf;
				ENABLE_STRICT_OBJC_MSGSEND = YES;
				ENABLE_TESTABILITY = YES;
				GCC_C_LANGUAGE_STANDARD = gnu11;
				GCC_DYNAMIC_NO_PIC = NO;
				GCC_NO_COMMON_BLOCKS = YES;
				GCC_OPTIMIZATION_LEVEL = 0;
				GCC_PREPROCESSOR_DEFINITIONS = (
					"DEBUG=1",
					"$(inherited)",
				);
				GCC_WARN_64_TO_32_BIT_CONVERSION = YES;
				GCC_WARN_ABOUT_RETURN_TYPE = YES_ERROR;
				GCC_WARN_UNDECLARED_SELECTOR = YES;
				GCC_WARN_UNINITIALIZED_AUTOS = YES_AGGRESSIVE;
				GCC_WARN_UNUSED_FUNCTION = YES;
				GCC_WARN_UNUSED_VARIABLE = YES;
				IPHONEOS_DEPLOYMENT_TARGET = 11.2;
				MTL_ENABLE_DEBUG_INFO = YES;
				ONLY_ACTIVE_ARCH = YES;
				SDKROOT = iphoneos;
				SWIFT_ACTIVE_COMPILATION_CONDITIONS = DEBUG;
				SWIFT_OPTIMIZATION_LEVEL = "-Onone";
			};
			name = Debug;
		};
		4C519E1D20665A7500ADF48F /* Release */ = {
			isa = XCBuildConfiguration;
			buildSettings = {
				ALWAYS_SEARCH_USER_PATHS = NO;
				CLANG_ANALYZER_NONNULL = YES;
				CLANG_ANALYZER_NUMBER_OBJECT_CONVERSION = YES_AGGRESSIVE;
				CLANG_CXX_LANGUAGE_STANDARD = "gnu++14";
				CLANG_CXX_LIBRARY = "libc++";
				CLANG_ENABLE_MODULES = YES;
				CLANG_ENABLE_OBJC_ARC = YES;
				CLANG_WARN_BLOCK_CAPTURE_AUTORELEASING = YES;
				CLANG_WARN_BOOL_CONVERSION = YES;
				CLANG_WARN_COMMA = YES;
				CLANG_WARN_CONSTANT_CONVERSION = YES;
				CLANG_WARN_DEPRECATED_OBJC_IMPLEMENTATIONS = YES;
				CLANG_WARN_DIRECT_OBJC_ISA_USAGE = YES_ERROR;
				CLANG_WARN_DOCUMENTATION_COMMENTS = YES;
				CLANG_WARN_EMPTY_BODY = YES;
				CLANG_WARN_ENUM_CONVERSION = YES;
				CLANG_WARN_INFINITE_RECURSION = YES;
				CLANG_WARN_INT_CONVERSION = YES;
				CLANG_WARN_NON_LITERAL_NULL_CONVERSION = YES;
				CLANG_WARN_OBJC_IMPLICIT_RETAIN_SELF = YES;
				CLANG_WARN_OBJC_LITERAL_CONVERSION = YES;
				CLANG_WARN_OBJC_ROOT_CLASS = YES_ERROR;
				CLANG_WARN_RANGE_LOOP_ANALYSIS = YES;
				CLANG_WARN_STRICT_PROTOTYPES = YES;
				CLANG_WARN_SUSPICIOUS_MOVE = YES;
				CLANG_WARN_UNGUARDED_AVAILABILITY = YES_AGGRESSIVE;
				CLANG_WARN_UNREACHABLE_CODE = YES;
				CLANG_WARN__DUPLICATE_METHOD_MATCH = YES;
				CODE_SIGN_IDENTITY = "iPhone Developer";
				COPY_PHASE_STRIP = NO;
				DEBUG_INFORMATION_FORMAT = "dwarf-with-dsym";
				ENABLE_NS_ASSERTIONS = NO;
				ENABLE_STRICT_OBJC_MSGSEND = YES;
				GCC_C_LANGUAGE_STANDARD = gnu11;
				GCC_NO_COMMON_BLOCKS = YES;
				GCC_WARN_64_TO_32_BIT_CONVERSION = YES;
				GCC_WARN_ABOUT_RETURN_TYPE = YES_ERROR;
				GCC_WARN_UNDECLARED_SELECTOR = YES;
				GCC_WARN_UNINITIALIZED_AUTOS = YES_AGGRESSIVE;
				GCC_WARN_UNUSED_FUNCTION = YES;
				GCC_WARN_UNUSED_VARIABLE = YES;
				IPHONEOS_DEPLOYMENT_TARGET = 11.2;
				MTL_ENABLE_DEBUG_INFO = NO;
				SDKROOT = iphoneos;
				SWIFT_OPTIMIZATION_LEVEL = "-Owholemodule";
				VALIDATE_PRODUCT = YES;
			};
			name = Release;
		};
		4C519E1F20665A7500ADF48F /* Debug */ = {
			isa = XCBuildConfiguration;
			buildSettings = {
				ASSETCATALOG_COMPILER_APPICON_NAME = AppIcon;
				CODE_SIGN_STYLE = Automatic;
				DEVELOPMENT_TEAM = B928269PCW;
				INFOPLIST_FILE = Music/Info.plist;
				IPHONEOS_DEPLOYMENT_TARGET = 11.4;
				LD_RUNPATH_SEARCH_PATHS = "$(inherited) @executable_path/Frameworks";
				PRODUCT_BUNDLE_IDENTIFIER = com.jacobbrok;
				PRODUCT_NAME = "$(TARGET_NAME)";
				SWIFT_VERSION = 4.0;
				TARGETED_DEVICE_FAMILY = "1,2";
			};
			name = Debug;
		};
		4C519E2020665A7500ADF48F /* Release */ = {
			isa = XCBuildConfiguration;
			buildSettings = {
				ASSETCATALOG_COMPILER_APPICON_NAME = AppIcon;
				CODE_SIGN_STYLE = Automatic;
				DEVELOPMENT_TEAM = B928269PCW;
				INFOPLIST_FILE = Music/Info.plist;
				IPHONEOS_DEPLOYMENT_TARGET = 11.4;
				LD_RUNPATH_SEARCH_PATHS = "$(inherited) @executable_path/Frameworks";
				PRODUCT_BUNDLE_IDENTIFIER = com.jacobbrok;
				PRODUCT_NAME = "$(TARGET_NAME)";
				SWIFT_VERSION = 4.0;
				TARGETED_DEVICE_FAMILY = "1,2";
			};
			name = Release;
		};
/* End XCBuildConfiguration section */

/* Begin XCConfigurationList section */
		4C519E0720665A7400ADF48F /* Build configuration list for PBXProject "Music" */ = {
			isa = XCConfigurationList;
			buildConfigurations = (
				4C519E1C20665A7500ADF48F /* Debug */,
				4C519E1D20665A7500ADF48F /* Release */,
			);
			defaultConfigurationIsVisible = 0;
			defaultConfigurationName = Release;
		};
		4C519E1E20665A7500ADF48F /* Build configuration list for PBXNativeTarget "Music" */ = {
			isa = XCConfigurationList;
			buildConfigurations = (
				4C519E1F20665A7500ADF48F /* Debug */,
				4C519E2020665A7500ADF48F /* Release */,
			);
			defaultConfigurationIsVisible = 0;
			defaultConfigurationName = Release;
		};
/* End XCConfigurationList section */
	};
	rootObject = 4C519E0420665A7400ADF48F /* Project object */;
}
